
Microsoft Visual Studio Solution File, Format Version 12.00
# Visual Studio Version 16
VisualStudioVersion = 16.0.29728.190
MinimumVisualStudioVersion = 10.0.40219.1
Project("{FAE04EC0-301F-11D3-BF4B-00C04F79EFBC}") = "ConsoleApp1", "ConsoleApp1.csproj", "{3B603260-7CCB-4717-BD3C-66A1288FBCD4}"
EndProject
Global
	GlobalSection(SolutionConfigurationPlatforms) = preSolution
		Debug|Any CPU = Debug|Any CPU
		Release|Any CPU = Release|Any CPU
	EndGlobalSection
	GlobalSection(ProjectConfigurationPlatforms) = postSolution
		{3B603260-7CCB-4717-BD3C-66A1288FBCD4}.Debug|Any CPU.ActiveCfg = Debug|Any CPU
		{3B603260-7CCB-4717-BD3C-66A1288FBCD4}.Debug|Any CPU.Build.0 = Debug|Any CPU
		{3B603260-7CCB-4717-BD3C-66A1288FBCD4}.Release|Any CPU.ActiveCfg = Release|Any CPU
		{3B603260-7CCB-4717-BD3C-66A1288FBCD4}.Release|Any CPU.Build.0 = Release|Any CPU
	EndGlobalSection
	GlobalSection(SolutionProperties) = preSolution
		HideSolutionNode = FALSE
	EndGlobalSection
	GlobalSection(ExtensibilityGlobals) = postSolution
		SolutionGuid = {B8D87B8C-DDD7-4E9E-88DE-A8526F00FED0}
	EndGlobalSection
EndGlobal
